// !$*UTF8*$!
{
	archiveVersion = 1;
	classes = {
	};
	objectVersion = 56;
	objects = {

/* Begin PBXBuildFile section */
		FA82C6842BCB534A00C72F9F /* StartMenuView.swift in Sources */ = {isa = PBXBuildFile; fileRef = FA82C6832BCB534A00C72F9F /* StartMenuView.swift */; };
		FA82C6862BCB53A000C72F9F /* Options.swift in Sources */ = {isa = PBXBuildFile; fileRef = FA82C6852BCB53A000C72F9F /* Options.swift */; };
		FA82C6882BCB579A00C72F9F /* OptionView.swift in Sources */ = {isa = PBXBuildFile; fileRef = FA82C6872BCB579A00C72F9F /* OptionView.swift */; };
		FA82C68A2BCB631300C72F9F /* BinaryConverterView.swift in Sources */ = {isa = PBXBuildFile; fileRef = FA82C6892BCB631300C72F9F /* BinaryConverterView.swift */; };
		FA82C68C2BCB699600C72F9F /* DecimalConverterView.swift in Sources */ = {isa = PBXBuildFile; fileRef = FA82C68B2BCB699600C72F9F /* DecimalConverterView.swift */; };
		FA82C68E2BCB6C5300C72F9F /* HexConverterView.swift in Sources */ = {isa = PBXBuildFile; fileRef = FA82C68D2BCB6C5300C72F9F /* HexConverterView.swift */; };
		FA82C6902BCB6D9700C72F9F /* ConverterMenuView.swift in Sources */ = {isa = PBXBuildFile; fileRef = FA82C68F2BCB6D9700C72F9F /* ConverterMenuView.swift */; };
		FAAB44042BCB79B600CBF799 /* OctalConverterView.swift in Sources */ = {isa = PBXBuildFile; fileRef = FAAB44032BCB79B600CBF799 /* OctalConverterView.swift */; };
		FAC997D42BCA22BF00DA0C15 /* ComputingHelpApp.swift in Sources */ = {isa = PBXBuildFile; fileRef = FAC997D32BCA22BF00DA0C15 /* ComputingHelpApp.swift */; };
		FAC997D62BCA22BF00DA0C15 /* ContentView.swift in Sources */ = {isa = PBXBuildFile; fileRef = FAC997D52BCA22BF00DA0C15 /* ContentView.swift */; };
		FAC997D82BCA22BF00DA0C15 /* Assets.xcassets in Resources */ = {isa = PBXBuildFile; fileRef = FAC997D72BCA22BF00DA0C15 /* Assets.xcassets */; };
		FAC997DB2BCA22BF00DA0C15 /* Preview Assets.xcassets in Resources */ = {isa = PBXBuildFile; fileRef = FAC997DA2BCA22BF00DA0C15 /* Preview Assets.xcassets */; };
		FAC997E52BCA22C000DA0C15 /* ComputingHelpTests.swift in Sources */ = {isa = PBXBuildFile; fileRef = FAC997E42BCA22C000DA0C15 /* ComputingHelpTests.swift */; };
		FAC997EF2BCA22C000DA0C15 /* ComputingHelpUITests.swift in Sources */ = {isa = PBXBuildFile; fileRef = FAC997EE2BCA22C000DA0C15 /* ComputingHelpUITests.swift */; };
		FAC997F12BCA22C000DA0C15 /* ComputingHelpUITestsLaunchTests.swift in Sources */ = {isa = PBXBuildFile; fileRef = FAC997F02BCA22C000DA0C15 /* ComputingHelpUITestsLaunchTests.swift */; };
/* End PBXBuildFile section */

/* Begin PBXContainerItemProxy section */
		FAC997E12BCA22C000DA0C15 /* PBXContainerItemProxy */ = {
			isa = PBXContainerItemProxy;
			containerPortal = FAC997C82BCA22BF00DA0C15 /* Project object */;
			proxyType = 1;
			remoteGlobalIDString = FAC997CF2BCA22BF00DA0C15;
			remoteInfo = ComputingHelp;
		};
		FAC997EB2BCA22C000DA0C15 /* PBXContainerItemProxy */ = {
			isa = PBXContainerItemProxy;
			containerPortal = FAC997C82BCA22BF00DA0C15 /* Project object */;
			proxyType = 1;
			remoteGlobalIDString = FAC997CF2BCA22BF00DA0C15;
			remoteInfo = ComputingHelp;
		};
/* End PBXContainerItemProxy section */

/* Begin PBXFileReference section */
		FA82C6832BCB534A00C72F9F /* StartMenuView.swift */ = {isa = PBXFileReference; lastKnownFileType = sourcecode.swift; path = StartMenuView.swift; sourceTree = "<group>"; };
		FA82C6852BCB53A000C72F9F /* Options.swift */ = {isa = PBXFileReference; lastKnownFileType = sourcecode.swift; path = Options.swift; sourceTree = "<group>"; };
		FA82C6872BCB579A00C72F9F /* OptionView.swift */ = {isa = PBXFileReference; lastKnownFileType = sourcecode.swift; path = OptionView.swift; sourceTree = "<group>"; };
		FA82C6892BCB631300C72F9F /* BinaryConverterView.swift */ = {isa = PBXFileReference; lastKnownFileType = sourcecode.swift; path = BinaryConverterView.swift; sourceTree = "<group>"; };
		FA82C68B2BCB699600C72F9F /* DecimalConverterView.swift */ = {isa = PBXFileReference; lastKnownFileType = sourcecode.swift; path = DecimalConverterView.swift; sourceTree = "<group>"; };
		FA82C68D2BCB6C5300C72F9F /* HexConverterView.swift */ = {isa = PBXFileReference; lastKnownFileType = sourcecode.swift; path = HexConverterView.swift; sourceTree = "<group>"; };
		FA82C68F2BCB6D9700C72F9F /* ConverterMenuView.swift */ = {isa = PBXFileReference; lastKnownFileType = sourcecode.swift; path = ConverterMenuView.swift; sourceTree = "<group>"; };
		FAAB44032BCB79B600CBF799 /* OctalConverterView.swift */ = {isa = PBXFileReference; lastKnownFileType = sourcecode.swift; path = OctalConverterView.swift; sourceTree = "<group>"; };
		FAC997D02BCA22BF00DA0C15 /* ComputingHelp.app */ = {isa = PBXFileReference; explicitFileType = wrapper.application; includeInIndex = 0; path = ComputingHelp.app; sourceTree = BUILT_PRODUCTS_DIR; };
		FAC997D32BCA22BF00DA0C15 /* ComputingHelpApp.swift */ = {isa = PBXFileReference; lastKnownFileType = sourcecode.swift; path = ComputingHelpApp.swift; sourceTree = "<group>"; };
		FAC997D52BCA22BF00DA0C15 /* ContentView.swift */ = {isa = PBXFileReference; lastKnownFileType = sourcecode.swift; path = ContentView.swift; sourceTree = "<group>"; };
		FAC997D72BCA22BF00DA0C15 /* Assets.xcassets */ = {isa = PBXFileReference; lastKnownFileType = folder.assetcatalog; path = Assets.xcassets; sourceTree = "<group>"; };
		FAC997DA2BCA22BF00DA0C15 /* Preview Assets.xcassets */ = {isa = PBXFileReference; lastKnownFileType = folder.assetcatalog; path = "Preview Assets.xcassets"; sourceTree = "<group>"; };
		FAC997E02BCA22C000DA0C15 /* ComputingHelpTests.xctest */ = {isa = PBXFileReference; explicitFileType = wrapper.cfbundle; includeInIndex = 0; path = ComputingHelpTests.xctest; sourceTree = BUILT_PRODUCTS_DIR; };
		FAC997E42BCA22C000DA0C15 /* ComputingHelpTests.swift */ = {isa = PBXFileReference; lastKnownFileType = sourcecode.swift; path = ComputingHelpTests.swift; sourceTree = "<group>"; };
		FAC997EA2BCA22C000DA0C15 /* ComputingHelpUITests.xctest */ = {isa = PBXFileReference; explicitFileType = wrapper.cfbundle; includeInIndex = 0; path = ComputingHelpUITests.xctest; sourceTree = BUILT_PRODUCTS_DIR; };
		FAC997EE2BCA22C000DA0C15 /* ComputingHelpUITests.swift */ = {isa = PBXFileReference; lastKnownFileType = sourcecode.swift; path = ComputingHelpUITests.swift; sourceTree = "<group>"; };
		FAC997F02BCA22C000DA0C15 /* ComputingHelpUITestsLaunchTests.swift */ = {isa = PBXFileReference; lastKnownFileType = sourcecode.swift; path = ComputingHelpUITestsLaunchTests.swift; sourceTree = "<group>"; };
/* End PBXFileReference section */

/* Begin PBXFrameworksBuildPhase section */
		FAC997CD2BCA22BF00DA0C15 /* Frameworks */ = {
			isa = PBXFrameworksBuildPhase;
			buildActionMask = 2147483647;
			files = (
			);
			runOnlyForDeploymentPostprocessing = 0;
		};
		FAC997DD2BCA22C000DA0C15 /* Frameworks */ = {
			isa = PBXFrameworksBuildPhase;
			buildActionMask = 2147483647;
			files = (
			);
			runOnlyForDeploymentPostprocessing = 0;
		};
		FAC997E72BCA22C000DA0C15 /* Frameworks */ = {
			isa = PBXFrameworksBuildPhase;
			buildActionMask = 2147483647;
			files = (
			);
			runOnlyForDeploymentPostprocessing = 0;
		};
/* End PBXFrameworksBuildPhase section */

/* Begin PBXGroup section */
		FA82C6952BCB6DE500C72F9F /* Converter */ = {
			isa = PBXGroup;
			children = (
				FA82C68F2BCB6D9700C72F9F /* ConverterMenuView.swift */,
				FA82C68D2BCB6C5300C72F9F /* HexConverterView.swift */,
				FAAB44032BCB79B600CBF799 /* OctalConverterView.swift */,
				FA82C6892BCB631300C72F9F /* BinaryConverterView.swift */,
				FA82C68B2BCB699600C72F9F /* DecimalConverterView.swift */,
			);
			path = Converter;
			sourceTree = "<group>";
		};
		FAC997C72BCA22BF00DA0C15 = {
			isa = PBXGroup;
			children = (
				FAC997D22BCA22BF00DA0C15 /* ComputingHelp */,
				FAC997E32BCA22C000DA0C15 /* ComputingHelpTests */,
				FAC997ED2BCA22C000DA0C15 /* ComputingHelpUITests */,
				FAC997D12BCA22BF00DA0C15 /* Products */,
			);
			sourceTree = "<group>";
		};
		FAC997D12BCA22BF00DA0C15 /* Products */ = {
			isa = PBXGroup;
			children = (
				FAC997D02BCA22BF00DA0C15 /* ComputingHelp.app */,
				FAC997E02BCA22C000DA0C15 /* ComputingHelpTests.xctest */,
				FAC997EA2BCA22C000DA0C15 /* ComputingHelpUITests.xctest */,
			);
			name = Products;
			sourceTree = "<group>";
		};
		FAC997D22BCA22BF00DA0C15 /* ComputingHelp */ = {
			isa = PBXGroup;
			children = (
				FAC997D32BCA22BF00DA0C15 /* ComputingHelpApp.swift */,
				FAC997D52BCA22BF00DA0C15 /* ContentView.swift */,
				FA82C6832BCB534A00C72F9F /* StartMenuView.swift */,
				FA82C6872BCB579A00C72F9F /* OptionView.swift */,
				FA82C6852BCB53A000C72F9F /* Options.swift */,
				FA82C6952BCB6DE500C72F9F /* Converter */,
				FAC997D72BCA22BF00DA0C15 /* Assets.xcassets */,
				FAC997D92BCA22BF00DA0C15 /* Preview Content */,
			);
			path = ComputingHelp;
			sourceTree = "<group>";
		};
		FAC997D92BCA22BF00DA0C15 /* Preview Content */ = {
			isa = PBXGroup;
			children = (
				FAC997DA2BCA22BF00DA0C15 /* Preview Assets.xcassets */,
			);
			path = "Preview Content";
			sourceTree = "<group>";
		};
		FAC997E32BCA22C000DA0C15 /* ComputingHelpTests */ = {
			isa = PBXGroup;
			children = (
				FAC997E42BCA22C000DA0C15 /* ComputingHelpTests.swift */,
			);
			path = ComputingHelpTests;
			sourceTree = "<group>";
		};
		FAC997ED2BCA22C000DA0C15 /* ComputingHelpUITests */ = {
			isa = PBXGroup;
			children = (
				FAC997EE2BCA22C000DA0C15 /* ComputingHelpUITests.swift */,
				FAC997F02BCA22C000DA0C15 /* ComputingHelpUITestsLaunchTests.swift */,
			);
			path = ComputingHelpUITests;
			sourceTree = "<group>";
		};
/* End PBXGroup section */

/* Begin PBXNativeTarget section */
		FAC997CF2BCA22BF00DA0C15 /* ComputingHelp */ = {
			isa = PBXNativeTarget;
			buildConfigurationList = FAC997F42BCA22C000DA0C15 /* Build configuration list for PBXNativeTarget "ComputingHelp" */;
			buildPhases = (
				FAC997CC2BCA22BF00DA0C15 /* Sources */,
				FAC997CD2BCA22BF00DA0C15 /* Frameworks */,
				FAC997CE2BCA22BF00DA0C15 /* Resources */,
			);
			buildRules = (
			);
			dependencies = (
			);
			name = ComputingHelp;
			productName = ComputingHelp;
			productReference = FAC997D02BCA22BF00DA0C15 /* ComputingHelp.app */;
			productType = "com.apple.product-type.application";
		};
		FAC997DF2BCA22C000DA0C15 /* ComputingHelpTests */ = {
			isa = PBXNativeTarget;
			buildConfigurationList = FAC997F72BCA22C000DA0C15 /* Build configuration list for PBXNativeTarget "ComputingHelpTests" */;
			buildPhases = (
				FAC997DC2BCA22C000DA0C15 /* Sources */,
				FAC997DD2BCA22C000DA0C15 /* Frameworks */,
				FAC997DE2BCA22C000DA0C15 /* Resources */,
			);
			buildRules = (
			);
			dependencies = (
				FAC997E22BCA22C000DA0C15 /* PBXTargetDependency */,
			);
			name = ComputingHelpTests;
			productName = ComputingHelpTests;
			productReference = FAC997E02BCA22C000DA0C15 /* ComputingHelpTests.xctest */;
			productType = "com.apple.product-type.bundle.unit-test";
		};
		FAC997E92BCA22C000DA0C15 /* ComputingHelpUITests */ = {
			isa = PBXNativeTarget;
			buildConfigurationList = FAC997FA2BCA22C000DA0C15 /* Build configuration list for PBXNativeTarget "ComputingHelpUITests" */;
			buildPhases = (
				FAC997E62BCA22C000DA0C15 /* Sources */,
				FAC997E72BCA22C000DA0C15 /* Frameworks */,
				FAC997E82BCA22C000DA0C15 /* Resources */,
			);
			buildRules = (
			);
			dependencies = (
				FAC997EC2BCA22C000DA0C15 /* PBXTargetDependency */,
			);
			name = ComputingHelpUITests;
			productName = ComputingHelpUITests;
			productReference = FAC997EA2BCA22C000DA0C15 /* ComputingHelpUITests.xctest */;
			productType = "com.apple.product-type.bundle.ui-testing";
		};
/* End PBXNativeTarget section */

/* Begin PBXProject section */
		FAC997C82BCA22BF00DA0C15 /* Project object */ = {
			isa = PBXProject;
			attributes = {
				BuildIndependentTargetsInParallel = 1;
				LastSwiftUpdateCheck = 1530;
				LastUpgradeCheck = 1530;
				TargetAttributes = {
					FAC997CF2BCA22BF00DA0C15 = {
						CreatedOnToolsVersion = 15.3;
					};
					FAC997DF2BCA22C000DA0C15 = {
						CreatedOnToolsVersion = 15.3;
						TestTargetID = FAC997CF2BCA22BF00DA0C15;
					};
					FAC997E92BCA22C000DA0C15 = {
						CreatedOnToolsVersion = 15.3;
						TestTargetID = FAC997CF2BCA22BF00DA0C15;
					};
				};
			};
			buildConfigurationList = FAC997CB2BCA22BF00DA0C15 /* Build configuration list for PBXProject "ComputingHelp" */;
			compatibilityVersion = "Xcode 14.0";
			developmentRegion = en;
			hasScannedForEncodings = 0;
			knownRegions = (
				en,
				Base,
			);
			mainGroup = FAC997C72BCA22BF00DA0C15;
			productRefGroup = FAC997D12BCA22BF00DA0C15 /* Products */;
			projectDirPath = "";
			projectRoot = "";
			targets = (
				FAC997CF2BCA22BF00DA0C15 /* ComputingHelp */,
				FAC997DF2BCA22C000DA0C15 /* ComputingHelpTests */,
				FAC997E92BCA22C000DA0C15 /* ComputingHelpUITests */,
			);
		};
/* End PBXProject section */

/* Begin PBXResourcesBuildPhase section */
		FAC997CE2BCA22BF00DA0C15 /* Resources */ = {
			isa = PBXResourcesBuildPhase;
			buildActionMask = 2147483647;
			files = (
				FAC997DB2BCA22BF00DA0C15 /* Preview Assets.xcassets in Resources */,
				FAC997D82BCA22BF00DA0C15 /* Assets.xcassets in Resources */,
			);
			runOnlyForDeploymentPostprocessing = 0;
		};
		FAC997DE2BCA22C000DA0C15 /* Resources */ = {
			isa = PBXResourcesBuildPhase;
			buildActionMask = 2147483647;
			files = (
			);
			runOnlyForDeploymentPostprocessing = 0;
		};
		FAC997E82BCA22C000DA0C15 /* Resources */ = {
			isa = PBXResourcesBuildPhase;
			buildActionMask = 2147483647;
			files = (
			);
			runOnlyForDeploymentPostprocessing = 0;
		};
/* End PBXResourcesBuildPhase section */

/* Begin PBXSourcesBuildPhase section */
		FAC997CC2BCA22BF00DA0C15 /* Sources */ = {
			isa = PBXSourcesBuildPhase;
			buildActionMask = 2147483647;
			files = (
				FAC997D62BCA22BF00DA0C15 /* ContentView.swift in Sources */,
				FA82C68E2BCB6C5300C72F9F /* HexConverterView.swift in Sources */,
				FAC997D42BCA22BF00DA0C15 /* ComputingHelpApp.swift in Sources */,
				FA82C68C2BCB699600C72F9F /* DecimalConverterView.swift in Sources */,
				FA82C6902BCB6D9700C72F9F /* ConverterMenuView.swift in Sources */,
				FA82C6842BCB534A00C72F9F /* StartMenuView.swift in Sources */,
				FA82C6862BCB53A000C72F9F /* Options.swift in Sources */,
				FAAB44042BCB79B600CBF799 /* OctalConverterView.swift in Sources */,
				FA82C68A2BCB631300C72F9F /* BinaryConverterView.swift in Sources */,
				FA82C6882BCB579A00C72F9F /* OptionView.swift in Sources */,
			);
			runOnlyForDeploymentPostprocessing = 0;
		};
		FAC997DC2BCA22C000DA0C15 /* Sources */ = {
			isa = PBXSourcesBuildPhase;
			buildActionMask = 2147483647;
			files = (
				FAC997E52BCA22C000DA0C15 /* ComputingHelpTests.swift in Sources */,
			);
			runOnlyForDeploymentPostprocessing = 0;
		};
		FAC997E62BCA22C000DA0C15 /* Sources */ = {
			isa = PBXSourcesBuildPhase;
			buildActionMask = 2147483647;
			files = (
				FAC997F12BCA22C000DA0C15 /* ComputingHelpUITestsLaunchTests.swift in Sources */,
				FAC997EF2BCA22C000DA0C15 /* ComputingHelpUITests.swift in Sources */,
			);
			runOnlyForDeploymentPostprocessing = 0;
		};
/* End PBXSourcesBuildPhase section */

/* Begin PBXTargetDependency section */
		FAC997E22BCA22C000DA0C15 /* PBXTargetDependency */ = {
			isa = PBXTargetDependency;
			target = FAC997CF2BCA22BF00DA0C15 /* ComputingHelp */;
			targetProxy = FAC997E12BCA22C000DA0C15 /* PBXContainerItemProxy */;
		};
		FAC997EC2BCA22C000DA0C15 /* PBXTargetDependency */ = {
			isa = PBXTargetDependency;
			target = FAC997CF2BCA22BF00DA0C15 /* ComputingHelp */;
			targetProxy = FAC997EB2BCA22C000DA0C15 /* PBXContainerItemProxy */;
		};
/* End PBXTargetDependency section */

/* Begin XCBuildConfiguration section */
		FAC997F22BCA22C000DA0C15 /* Debug */ = {
			isa = XCBuildConfiguration;
			buildSettings = {
				ALWAYS_SEARCH_USER_PATHS = NO;
				ASSETCATALOG_COMPILER_GENERATE_SWIFT_ASSET_SYMBOL_EXTENSIONS = YES;
				CLANG_ANALYZER_NONNULL = YES;
				CLANG_ANALYZER_NUMBER_OBJECT_CONVERSION = YES_AGGRESSIVE;
				CLANG_CXX_LANGUAGE_STANDARD = "gnu++20";
				CLANG_ENABLE_MODULES = YES;
				CLANG_ENABLE_OBJC_ARC = YES;
				CLANG_ENABLE_OBJC_WEAK = YES;
				CLANG_WARN_BLOCK_CAPTURE_AUTORELEASING = YES;
				CLANG_WARN_BOOL_CONVERSION = YES;
				CLANG_WARN_COMMA = YES;
				CLANG_WARN_CONSTANT_CONVERSION = YES;
				CLANG_WARN_DEPRECATED_OBJC_IMPLEMENTATIONS = YES;
				CLANG_WARN_DIRECT_OBJC_ISA_USAGE = YES_ERROR;
				CLANG_WARN_DOCUMENTATION_COMMENTS = YES;
				CLANG_WARN_EMPTY_BODY = YES;
				CLANG_WARN_ENUM_CONVERSION = YES;
				CLANG_WARN_INFINITE_RECURSION = YES;
				CLANG_WARN_INT_CONVERSION = YES;
				CLANG_WARN_NON_LITERAL_NULL_CONVERSION = YES;
				CLANG_WARN_OBJC_IMPLICIT_RETAIN_SELF = YES;
				CLANG_WARN_OBJC_LITERAL_CONVERSION = YES;
				CLANG_WARN_OBJC_ROOT_CLASS = YES_ERROR;
				CLANG_WARN_QUOTED_INCLUDE_IN_FRAMEWORK_HEADER = YES;
				CLANG_WARN_RANGE_LOOP_ANALYSIS = YES;
				CLANG_WARN_STRICT_PROTOTYPES = YES;
				CLANG_WARN_SUSPICIOUS_MOVE = YES;
				CLANG_WARN_UNGUARDED_AVAILABILITY = YES_AGGRESSIVE;
				CLANG_WARN_UNREACHABLE_CODE = YES;
				CLANG_WARN__DUPLICATE_METHOD_MATCH = YES;
				COPY_PHASE_STRIP = NO;
				DEBUG_INFORMATION_FORMAT = dwarf;
				ENABLE_STRICT_OBJC_MSGSEND = YES;
				ENABLE_TESTABILITY = YES;
				ENABLE_USER_SCRIPT_SANDBOXING = YES;
				GCC_C_LANGUAGE_STANDARD = gnu17;
				GCC_DYNAMIC_NO_PIC = NO;
				GCC_NO_COMMON_BLOCKS = YES;
				GCC_OPTIMIZATION_LEVEL = 0;
				GCC_PREPROCESSOR_DEFINITIONS = (
					"DEBUG=1",
					"$(inherited)",
				);
				GCC_WARN_64_TO_32_BIT_CONVERSION = YES;
				GCC_WARN_ABOUT_RETURN_TYPE = YES_ERROR;
				GCC_WARN_UNDECLARED_SELECTOR = YES;
				GCC_WARN_UNINITIALIZED_AUTOS = YES_AGGRESSIVE;
				GCC_WARN_UNUSED_FUNCTION = YES;
				GCC_WARN_UNUSED_VARIABLE = YES;
				IPHONEOS_DEPLOYMENT_TARGET = 17.4;
				LOCALIZATION_PREFERS_STRING_CATALOGS = YES;
				MTL_ENABLE_DEBUG_INFO = INCLUDE_SOURCE;
				MTL_FAST_MATH = YES;
				ONLY_ACTIVE_ARCH = YES;
				SDKROOT = iphoneos;
				SWIFT_ACTIVE_COMPILATION_CONDITIONS = "DEBUG $(inherited)";
				SWIFT_OPTIMIZATION_LEVEL = "-Onone";
			};
			name = Debug;
		};
		FAC997F32BCA22C000DA0C15 /* Release */ = {
			isa = XCBuildConfiguration;
			buildSettings = {
				ALWAYS_SEARCH_USER_PATHS = NO;
				ASSETCATALOG_COMPILER_GENERATE_SWIFT_ASSET_SYMBOL_EXTENSIONS = YES;
				CLANG_ANALYZER_NONNULL = YES;
				CLANG_ANALYZER_NUMBER_OBJECT_CONVERSION = YES_AGGRESSIVE;
				CLANG_CXX_LANGUAGE_STANDARD = "gnu++20";
				CLANG_ENABLE_MODULES = YES;
				CLANG_ENABLE_OBJC_ARC = YES;
				CLANG_ENABLE_OBJC_WEAK = YES;
				CLANG_WARN_BLOCK_CAPTURE_AUTORELEASING = YES;
				CLANG_WARN_BOOL_CONVERSION = YES;
				CLANG_WARN_COMMA = YES;
				CLANG_WARN_CONSTANT_CONVERSION = YES;
				CLANG_WARN_DEPRECATED_OBJC_IMPLEMENTATIONS = YES;
				CLANG_WARN_DIRECT_OBJC_ISA_USAGE = YES_ERROR;
				CLANG_WARN_DOCUMENTATION_COMMENTS = YES;
				CLANG_WARN_EMPTY_BODY = YES;
				CLANG_WARN_ENUM_CONVERSION = YES;
				CLANG_WARN_INFINITE_RECURSION = YES;
				CLANG_WARN_INT_CONVERSION = YES;
				CLANG_WARN_NON_LITERAL_NULL_CONVERSION = YES;
				CLANG_WARN_OBJC_IMPLICIT_RETAIN_SELF = YES;
				CLANG_WARN_OBJC_LITERAL_CONVERSION = YES;
				CLANG_WARN_OBJC_ROOT_CLASS = YES_ERROR;
				CLANG_WARN_QUOTED_INCLUDE_IN_FRAMEWORK_HEADER = YES;
				CLANG_WARN_RANGE_LOOP_ANALYSIS = YES;
				CLANG_WARN_STRICT_PROTOTYPES = YES;
				CLANG_WARN_SUSPICIOUS_MOVE = YES;
				CLANG_WARN_UNGUARDED_AVAILABILITY = YES_AGGRESSIVE;
				CLANG_WARN_UNREACHABLE_CODE = YES;
				CLANG_WARN__DUPLICATE_METHOD_MATCH = YES;
				COPY_PHASE_STRIP = NO;
				DEBUG_INFORMATION_FORMAT = "dwarf-with-dsym";
				ENABLE_NS_ASSERTIONS = NO;
				ENABLE_STRICT_OBJC_MSGSEND = YES;
				ENABLE_USER_SCRIPT_SANDBOXING = YES;
				GCC_C_LANGUAGE_STANDARD = gnu17;
				GCC_NO_COMMON_BLOCKS = YES;
				GCC_WARN_64_TO_32_BIT_CONVERSION = YES;
				GCC_WARN_ABOUT_RETURN_TYPE = YES_ERROR;
				GCC_WARN_UNDECLARED_SELECTOR = YES;
				GCC_WARN_UNINITIALIZED_AUTOS = YES_AGGRESSIVE;
				GCC_WARN_UNUSED_FUNCTION = YES;
				GCC_WARN_UNUSED_VARIABLE = YES;
				IPHONEOS_DEPLOYMENT_TARGET = 17.4;
				LOCALIZATION_PREFERS_STRING_CATALOGS = YES;
				MTL_ENABLE_DEBUG_INFO = NO;
				MTL_FAST_MATH = YES;
				SDKROOT = iphoneos;
				SWIFT_COMPILATION_MODE = wholemodule;
				VALIDATE_PRODUCT = YES;
			};
			name = Release;
		};
		FAC997F52BCA22C000DA0C15 /* Debug */ = {
			isa = XCBuildConfiguration;
			buildSettings = {
				ASSETCATALOG_COMPILER_APPICON_NAME = AppIcon;
				ASSETCATALOG_COMPILER_GLOBAL_ACCENT_COLOR_NAME = AccentColor;
				CODE_SIGN_STYLE = Automatic;
				CURRENT_PROJECT_VERSION = 1;
				DEVELOPMENT_ASSET_PATHS = "\"ComputingHelp/Preview Content\"";
				DEVELOPMENT_TEAM = 752S78WKCJ;
				ENABLE_PREVIEWS = YES;
				GENERATE_INFOPLIST_FILE = YES;
				INFOPLIST_KEY_CFBundleDisplayName = "Computing Help";
				INFOPLIST_KEY_UIApplicationSceneManifest_Generation = YES;
				INFOPLIST_KEY_UIApplicationSupportsIndirectInputEvents = YES;
				INFOPLIST_KEY_UILaunchScreen_Generation = YES;
				INFOPLIST_KEY_UISupportedInterfaceOrientations_iPad = "UIInterfaceOrientationPortrait UIInterfaceOrientationPortraitUpsideDown UIInterfaceOrientationLandscapeLeft UIInterfaceOrientationLandscapeRight";
				INFOPLIST_KEY_UISupportedInterfaceOrientations_iPhone = "UIInterfaceOrientationPortrait UIInterfaceOrientationLandscapeLeft UIInterfaceOrientationLandscapeRight";
				LD_RUNPATH_SEARCH_PATHS = (
					"$(inherited)",
					"@executable_path/Frameworks",
				);
				MARKETING_VERSION = 1.0;
				PRODUCT_BUNDLE_IDENTIFIER = com.Tam.ComputingHelp;
				PRODUCT_NAME = "$(TARGET_NAME)";
				SWIFT_EMIT_LOC_STRINGS = YES;
				SWIFT_VERSION = 5.0;
				TARGETED_DEVICE_FAMILY = "1,2";
			};
			name = Debug;
		};
		FAC997F62BCA22C000DA0C15 /* Release */ = {
			isa = XCBuildConfiguration;
			buildSettings = {
				ASSETCATALOG_COMPILER_APPICON_NAME = AppIcon;
				ASSETCATALOG_COMPILER_GLOBAL_ACCENT_COLOR_NAME = AccentColor;
				CODE_SIGN_STYLE = Automatic;
				CURRENT_PROJECT_VERSION = 1;
				DEVELOPMENT_ASSET_PATHS = "\"ComputingHelp/Preview Content\"";
				DEVELOPMENT_TEAM = 752S78WKCJ;
				ENABLE_PREVIEWS = YES;
				GENERATE_INFOPLIST_FILE = YES;
				INFOPLIST_KEY_CFBundleDisplayName = "Computing Help";
				INFOPLIST_KEY_UIApplicationSceneManifest_Generation = YES;
				INFOPLIST_KEY_UIApplicationSupportsIndirectInputEvents = YES;
				INFOPLIST_KEY_UILaunchScreen_Generation = YES;
				INFOPLIST_KEY_UISupportedInterfaceOrientations_iPad = "UIInterfaceOrientationPortrait UIInterfaceOrientationPortraitUpsideDown UIInterfaceOrientationLandscapeLeft UIInterfaceOrientationLandscapeRight";
				INFOPLIST_KEY_UISupportedInterfaceOrientations_iPhone = "UIInterfaceOrientationPortrait UIInterfaceOrientationLandscapeLeft UIInterfaceOrientationLandscapeRight";
				LD_RUNPATH_SEARCH_PATHS = (
					"$(inherited)",
					"@executable_path/Frameworks",
				);
				MARKETING_VERSION = 1.0;
				PRODUCT_BUNDLE_IDENTIFIER = com.Tam.ComputingHelp;
				PRODUCT_NAME = "$(TARGET_NAME)";
				SWIFT_EMIT_LOC_STRINGS = YES;
				SWIFT_VERSION = 5.0;
				TARGETED_DEVICE_FAMILY = "1,2";
			};
			name = Release;
		};
		FAC997F82BCA22C000DA0C15 /* Debug */ = {
			isa = XCBuildConfiguration;
			buildSettings = {
				ALWAYS_EMBED_SWIFT_STANDARD_LIBRARIES = YES;
				BUNDLE_LOADER = "$(TEST_HOST)";
				CODE_SIGN_STYLE = Automatic;
				CURRENT_PROJECT_VERSION = 1;
				DEVELOPMENT_TEAM = 752S78WKCJ;
				GENERATE_INFOPLIST_FILE = YES;
				IPHONEOS_DEPLOYMENT_TARGET = 17.4;
				MARKETING_VERSION = 1.0;
				PRODUCT_BUNDLE_IDENTIFIER = com.Tam.ComputingHelpTests;
				PRODUCT_NAME = "$(TARGET_NAME)";
				SWIFT_EMIT_LOC_STRINGS = NO;
				SWIFT_VERSION = 5.0;
				TARGETED_DEVICE_FAMILY = "1,2";
				TEST_HOST = "$(BUILT_PRODUCTS_DIR)/ComputingHelp.app/$(BUNDLE_EXECUTABLE_FOLDER_PATH)/ComputingHelp";
			};
			name = Debug;
		};
		FAC997F92BCA22C000DA0C15 /* Release */ = {
			isa = XCBuildConfiguration;
			buildSettings = {
				ALWAYS_EMBED_SWIFT_STANDARD_LIBRARIES = YES;
				BUNDLE_LOADER = "$(TEST_HOST)";
				CODE_SIGN_STYLE = Automatic;
				CURRENT_PROJECT_VERSION = 1;
				DEVELOPMENT_TEAM = 752S78WKCJ;
				GENERATE_INFOPLIST_FILE = YES;
				IPHONEOS_DEPLOYMENT_TARGET = 17.4;
				MARKETING_VERSION = 1.0;
				PRODUCT_BUNDLE_IDENTIFIER = com.Tam.ComputingHelpTests;
				PRODUCT_NAME = "$(TARGET_NAME)";
				SWIFT_EMIT_LOC_STRINGS = NO;
				SWIFT_VERSION = 5.0;
				TARGETED_DEVICE_FAMILY = "1,2";
				TEST_HOST = "$(BUILT_PRODUCTS_DIR)/ComputingHelp.app/$(BUNDLE_EXECUTABLE_FOLDER_PATH)/ComputingHelp";
			};
			name = Release;
		};
		FAC997FB2BCA22C000DA0C15 /* Debug */ = {
			isa = XCBuildConfiguration;
			buildSettings = {
				ALWAYS_EMBED_SWIFT_STANDARD_LIBRARIES = YES;
				CODE_SIGN_STYLE = Automatic;
				CURRENT_PROJECT_VERSION = 1;
				DEVELOPMENT_TEAM = 752S78WKCJ;
				GENERATE_INFOPLIST_FILE = YES;
				MARKETING_VERSION = 1.0;
				PRODUCT_BUNDLE_IDENTIFIER = com.Tam.ComputingHelpUITests;
				PRODUCT_NAME = "$(TARGET_NAME)";
				SWIFT_EMIT_LOC_STRINGS = NO;
				SWIFT_VERSION = 5.0;
				TARGETED_DEVICE_FAMILY = "1,2";
				TEST_TARGET_NAME = ComputingHelp;
			};
			name = Debug;
		};
		FAC997FC2BCA22C000DA0C15 /* Release */ = {
			isa = XCBuildConfiguration;
			buildSettings = {
				ALWAYS_EMBED_SWIFT_STANDARD_LIBRARIES = YES;
				CODE_SIGN_STYLE = Automatic;
				CURRENT_PROJECT_VERSION = 1;
				DEVELOPMENT_TEAM = 752S78WKCJ;
				GENERATE_INFOPLIST_FILE = YES;
				MARKETING_VERSION = 1.0;
				PRODUCT_BUNDLE_IDENTIFIER = com.Tam.ComputingHelpUITests;
				PRODUCT_NAME = "$(TARGET_NAME)";
				SWIFT_EMIT_LOC_STRINGS = NO;
				SWIFT_VERSION = 5.0;
				TARGETED_DEVICE_FAMILY = "1,2";
				TEST_TARGET_NAME = ComputingHelp;
			};
			name = Release;
		};
/* End XCBuildConfiguration section */

/* Begin XCConfigurationList section */
		FAC997CB2BCA22BF00DA0C15 /* Build configuration list for PBXProject "ComputingHelp" */ = {
			isa = XCConfigurationList;
			buildConfigurations = (
				FAC997F22BCA22C000DA0C15 /* Debug */,
				FAC997F32BCA22C000DA0C15 /* Release */,
			);
			defaultConfigurationIsVisible = 0;
			defaultConfigurationName = Release;
		};
		FAC997F42BCA22C000DA0C15 /* Build configuration list for PBXNativeTarget "ComputingHelp" */ = {
			isa = XCConfigurationList;
			buildConfigurations = (
				FAC997F52BCA22C000DA0C15 /* Debug */,
				FAC997F62BCA22C000DA0C15 /* Release */,
			);
			defaultConfigurationIsVisible = 0;
			defaultConfigurationName = Release;
		};
		FAC997F72BCA22C000DA0C15 /* Build configuration list for PBXNativeTarget "ComputingHelpTests" */ = {
			isa = XCConfigurationList;
			buildConfigurations = (
				FAC997F82BCA22C000DA0C15 /* Debug */,
				FAC997F92BCA22C000DA0C15 /* Release */,
			);
			defaultConfigurationIsVisible = 0;
			defaultConfigurationName = Release;
		};
		FAC997FA2BCA22C000DA0C15 /* Build configuration list for PBXNativeTarget "ComputingHelpUITests" */ = {
			isa = XCConfigurationList;
			buildConfigurations = (
				FAC997FB2BCA22C000DA0C15 /* Debug */,
				FAC997FC2BCA22C000DA0C15 /* Release */,
			);
			defaultConfigurationIsVisible = 0;
			defaultConfigurationName = Release;
		};
/* End XCConfigurationList section */
	};
	rootObject = FAC997C82BCA22BF00DA0C15 /* Project object */;
}
